
Microsoft Visual Studio Solution File, Format Version 12.00
# Visual Studio Version 16
VisualStudioVersion = 16.0.29519.87
MinimumVisualStudioVersion = 10.0.40219.1
Project("{FAE04EC0-301F-11D3-BF4B-00C04F79EFBC}") = "Intro02", "Intro02\Intro02.csproj", "{DA02648E-161D-492A-8E3A-C47C238DF01B}"
EndProject
Global
	GlobalSection(SolutionConfigurationPlatforms) = preSolution
		Debug|Any CPU = Debug|Any CPU
		Release|Any CPU = Release|Any CPU
	EndGlobalSection
	GlobalSection(ProjectConfigurationPlatforms) = postSolution
		{DA02648E-161D-492A-8E3A-C47C238DF01B}.Debug|Any CPU.ActiveCfg = Debug|Any CPU
		{DA02648E-161D-492A-8E3A-C47C238DF01B}.Debug|Any CPU.Build.0 = Debug|Any CPU
		{DA02648E-161D-492A-8E3A-C47C238DF01B}.Release|Any CPU.ActiveCfg = Release|Any CPU
		{DA02648E-161D-492A-8E3A-C47C238DF01B}.Release|Any CPU.Build.0 = Release|Any CPU
	EndGlobalSection
	GlobalSection(SolutionProperties) = preSolution
		HideSolutionNode = FALSE
	EndGlobalSection
	GlobalSection(ExtensibilityGlobals) = postSolution
		SolutionGuid = {63B4DDFC-1250-4D29-B018-B8BCD20EFEE0}
	EndGlobalSection
EndGlobal
