
Microsoft Visual Studio Solution File, Format Version 12.00
# Visual Studio Version 16
VisualStudioVersion = 16.0.29503.13
MinimumVisualStudioVersion = 10.0.40219.1
Project("{FAE04EC0-301F-11D3-BF4B-00C04F79EFBC}") = "Intro01", "Intro01.csproj", "{BFB51965-DA02-4C2B-8609-56441AD85B12}"
EndProject
Global
	GlobalSection(SolutionConfigurationPlatforms) = preSolution
		Debug|Any CPU = Debug|Any CPU
		Release|Any CPU = Release|Any CPU
	EndGlobalSection
	GlobalSection(ProjectConfigurationPlatforms) = postSolution
		{BFB51965-DA02-4C2B-8609-56441AD85B12}.Debug|Any CPU.ActiveCfg = Debug|Any CPU
		{BFB51965-DA02-4C2B-8609-56441AD85B12}.Debug|Any CPU.Build.0 = Debug|Any CPU
		{BFB51965-DA02-4C2B-8609-56441AD85B12}.Release|Any CPU.ActiveCfg = Release|Any CPU
		{BFB51965-DA02-4C2B-8609-56441AD85B12}.Release|Any CPU.Build.0 = Release|Any CPU
	EndGlobalSection
	GlobalSection(SolutionProperties) = preSolution
		HideSolutionNode = FALSE
	EndGlobalSection
	GlobalSection(ExtensibilityGlobals) = postSolution
		SolutionGuid = {8718FE03-BE80-4655-93B5-BD97EBD07525}
	EndGlobalSection
EndGlobal
